
Microsoft Visual Studio Solution File, Format Version 12.00
# Visual Studio Version 17
VisualStudioVersion = 17.10.35013.160
MinimumVisualStudioVersion = 10.0.40219.1
Project("{FAE04EC0-301F-11D3-BF4B-00C04F79EFBC}") = "ATMSystem", "ATMSystem.csproj", "{094BCB92-58C6-4610-BC34-655A89B45652}"
EndProject
Global
	GlobalSection(SolutionConfigurationPlatforms) = preSolution
		Debug|Any CPU = Debug|Any CPU
		Release|Any CPU = Release|Any CPU
	EndGlobalSection
	GlobalSection(ProjectConfigurationPlatforms) = postSolution
		{094BCB92-58C6-4610-BC34-655A89B45652}.Debug|Any CPU.ActiveCfg = Debug|Any CPU
		{094BCB92-58C6-4610-BC34-655A89B45652}.Debug|Any CPU.Build.0 = Debug|Any CPU
		{094BCB92-58C6-4610-BC34-655A89B45652}.Release|Any CPU.ActiveCfg = Release|Any CPU
		{094BCB92-58C6-4610-BC34-655A89B45652}.Release|Any CPU.Build.0 = Release|Any CPU
	EndGlobalSection
	GlobalSection(SolutionProperties) = preSolution
		HideSolutionNode = FALSE
	EndGlobalSection
	GlobalSection(ExtensibilityGlobals) = postSolution
		SolutionGuid = {F191135F-50A5-41A6-A357-FBDB9A960B03}
	EndGlobalSection
EndGlobal
